
Microsoft Visual Studio Solution File, Format Version 12.00
# Visual Studio 2012
Project("{FAE04EC0-301F-11D3-BF4B-00C04F79EFBC}") = "paging", "paging\paging.csproj", "{0B78A98E-0DCC-4C6D-B5E2-C766D0862BDE}"
EndProject
Global
	GlobalSection(SolutionConfigurationPlatforms) = preSolution
		Debug|Any CPU = Debug|Any CPU
		Release|Any CPU = Release|Any CPU
	EndGlobalSection
	GlobalSection(ProjectConfigurationPlatforms) = postSolution
		{0B78A98E-0DCC-4C6D-B5E2-C766D0862BDE}.Debug|Any CPU.ActiveCfg = Debug|Any CPU
		{0B78A98E-0DCC-4C6D-B5E2-C766D0862BDE}.Debug|Any CPU.Build.0 = Debug|Any CPU
		{0B78A98E-0DCC-4C6D-B5E2-C766D0862BDE}.Release|Any CPU.ActiveCfg = Release|Any CPU
		{0B78A98E-0DCC-4C6D-B5E2-C766D0862BDE}.Release|Any CPU.Build.0 = Release|Any CPU
	EndGlobalSection
	GlobalSection(SolutionProperties) = preSolution
		HideSolutionNode = FALSE
	EndGlobalSection
EndGlobal
